
Microsoft Visual Studio Solution File, Format Version 12.00
# Visual Studio Version 17
VisualStudioVersion = 17.3.32922.545
MinimumVisualStudioVersion = 10.0.40219.1
Project("{9A19103F-16F7-4668-BE54-9A1E7A4F7556}") = "Loop", "Loop\Loop.csproj", "{126CC95E-7051-4285-AB4C-188A242CE5BD}"
EndProject
Global
	GlobalSection(SolutionConfigurationPlatforms) = preSolution
		Debug|Any CPU = Debug|Any CPU
		Release|Any CPU = Release|Any CPU
	EndGlobalSection
	GlobalSection(ProjectConfigurationPlatforms) = postSolution
		{126CC95E-7051-4285-AB4C-188A242CE5BD}.Debug|Any CPU.ActiveCfg = Debug|Any CPU
		{126CC95E-7051-4285-AB4C-188A242CE5BD}.Debug|Any CPU.Build.0 = Debug|Any CPU
		{126CC95E-7051-4285-AB4C-188A242CE5BD}.Release|Any CPU.ActiveCfg = Release|Any CPU
		{126CC95E-7051-4285-AB4C-188A242CE5BD}.Release|Any CPU.Build.0 = Release|Any CPU
	EndGlobalSection
	GlobalSection(SolutionProperties) = preSolution
		HideSolutionNode = FALSE
	EndGlobalSection
	GlobalSection(ExtensibilityGlobals) = postSolution
		SolutionGuid = {41F8AADB-D26B-4CAD-9708-41943FC25B50}
	EndGlobalSection
EndGlobal
